// !$*UTF8*$!
{
	archiveVersion = 1;
	classes = {
	};
	objectVersion = 50;
	objects = {

/* Begin PBXBuildFile section */
		DC395D7E251CEBC4006CB681 /* TCA_Navigation_PoCApp.swift in Sources */ = {isa = PBXBuildFile; fileRef = DC395D7D251CEBC4006CB681 /* TCA_Navigation_PoCApp.swift */; };
		DC395D80251CEBC4006CB681 /* ContentView.swift in Sources */ = {isa = PBXBuildFile; fileRef = DC395D7F251CEBC4006CB681 /* ContentView.swift */; };
		DC395D82251CEBC7006CB681 /* Assets.xcassets in Resources */ = {isa = PBXBuildFile; fileRef = DC395D81251CEBC7006CB681 /* Assets.xcassets */; };
		DC395D85251CEBC7006CB681 /* Preview Assets.xcassets in Resources */ = {isa = PBXBuildFile; fileRef = DC395D84251CEBC7006CB681 /* Preview Assets.xcassets */; };
		DC395D90251CEBC7006CB681 /* TCA_Navigation_PoCTests.swift in Sources */ = {isa = PBXBuildFile; fileRef = DC395D8F251CEBC7006CB681 /* TCA_Navigation_PoCTests.swift */; };
		DC395D9B251CEBC7006CB681 /* TCA_Navigation_PoCUITests.swift in Sources */ = {isa = PBXBuildFile; fileRef = DC395D9A251CEBC7006CB681 /* TCA_Navigation_PoCUITests.swift */; };
/* End PBXBuildFile section */

/* Begin PBXContainerItemProxy section */
		DC395D8C251CEBC7006CB681 /* PBXContainerItemProxy */ = {
			isa = PBXContainerItemProxy;
			containerPortal = DC395D72251CEBC4006CB681 /* Project object */;
			proxyType = 1;
			remoteGlobalIDString = DC395D79251CEBC4006CB681;
			remoteInfo = "TCA-Navigation-PoC";
		};
		DC395D97251CEBC7006CB681 /* PBXContainerItemProxy */ = {
			isa = PBXContainerItemProxy;
			containerPortal = DC395D72251CEBC4006CB681 /* Project object */;
			proxyType = 1;
			remoteGlobalIDString = DC395D79251CEBC4006CB681;
			remoteInfo = "TCA-Navigation-PoC";
		};
/* End PBXContainerItemProxy section */

/* Begin PBXFileReference section */
		DC395D7A251CEBC4006CB681 /* TCA-Navigation-PoC.app */ = {isa = PBXFileReference; explicitFileType = wrapper.application; includeInIndex = 0; path = "TCA-Navigation-PoC.app"; sourceTree = BUILT_PRODUCTS_DIR; };
		DC395D7D251CEBC4006CB681 /* TCA_Navigation_PoCApp.swift */ = {isa = PBXFileReference; lastKnownFileType = sourcecode.swift; path = TCA_Navigation_PoCApp.swift; sourceTree = "<group>"; };
		DC395D7F251CEBC4006CB681 /* ContentView.swift */ = {isa = PBXFileReference; lastKnownFileType = sourcecode.swift; path = ContentView.swift; sourceTree = "<group>"; };
		DC395D81251CEBC7006CB681 /* Assets.xcassets */ = {isa = PBXFileReference; lastKnownFileType = folder.assetcatalog; path = Assets.xcassets; sourceTree = "<group>"; };
		DC395D84251CEBC7006CB681 /* Preview Assets.xcassets */ = {isa = PBXFileReference; lastKnownFileType = folder.assetcatalog; path = "Preview Assets.xcassets"; sourceTree = "<group>"; };
		DC395D86251CEBC7006CB681 /* Info.plist */ = {isa = PBXFileReference; lastKnownFileType = text.plist.xml; path = Info.plist; sourceTree = "<group>"; };
		DC395D8B251CEBC7006CB681 /* TCA-Navigation-PoCTests.xctest */ = {isa = PBXFileReference; explicitFileType = wrapper.cfbundle; includeInIndex = 0; path = "TCA-Navigation-PoCTests.xctest"; sourceTree = BUILT_PRODUCTS_DIR; };
		DC395D8F251CEBC7006CB681 /* TCA_Navigation_PoCTests.swift */ = {isa = PBXFileReference; lastKnownFileType = sourcecode.swift; path = TCA_Navigation_PoCTests.swift; sourceTree = "<group>"; };
		DC395D91251CEBC7006CB681 /* Info.plist */ = {isa = PBXFileReference; lastKnownFileType = text.plist.xml; path = Info.plist; sourceTree = "<group>"; };
		DC395D96251CEBC7006CB681 /* TCA-Navigation-PoCUITests.xctest */ = {isa = PBXFileReference; explicitFileType = wrapper.cfbundle; includeInIndex = 0; path = "TCA-Navigation-PoCUITests.xctest"; sourceTree = BUILT_PRODUCTS_DIR; };
		DC395D9A251CEBC7006CB681 /* TCA_Navigation_PoCUITests.swift */ = {isa = PBXFileReference; lastKnownFileType = sourcecode.swift; path = TCA_Navigation_PoCUITests.swift; sourceTree = "<group>"; };
		DC395D9C251CEBC7006CB681 /* Info.plist */ = {isa = PBXFileReference; lastKnownFileType = text.plist.xml; path = Info.plist; sourceTree = "<group>"; };
/* End PBXFileReference section */

/* Begin PBXFrameworksBuildPhase section */
		DC395D77251CEBC4006CB681 /* Frameworks */ = {
			isa = PBXFrameworksBuildPhase;
			buildActionMask = 2147483647;
			files = (
			);
			runOnlyForDeploymentPostprocessing = 0;
		};
		DC395D88251CEBC7006CB681 /* Frameworks */ = {
			isa = PBXFrameworksBuildPhase;
			buildActionMask = 2147483647;
			files = (
			);
			runOnlyForDeploymentPostprocessing = 0;
		};
		DC395D93251CEBC7006CB681 /* Frameworks */ = {
			isa = PBXFrameworksBuildPhase;
			buildActionMask = 2147483647;
			files = (
			);
			runOnlyForDeploymentPostprocessing = 0;
		};
/* End PBXFrameworksBuildPhase section */

/* Begin PBXGroup section */
		DC395D71251CEBC4006CB681 = {
			isa = PBXGroup;
			children = (
				DC395D7C251CEBC4006CB681 /* TCA-Navigation-PoC */,
				DC395D8E251CEBC7006CB681 /* TCA-Navigation-PoCTests */,
				DC395D99251CEBC7006CB681 /* TCA-Navigation-PoCUITests */,
				DC395D7B251CEBC4006CB681 /* Products */,
			);
			sourceTree = "<group>";
		};
		DC395D7B251CEBC4006CB681 /* Products */ = {
			isa = PBXGroup;
			children = (
				DC395D7A251CEBC4006CB681 /* TCA-Navigation-PoC.app */,
				DC395D8B251CEBC7006CB681 /* TCA-Navigation-PoCTests.xctest */,
				DC395D96251CEBC7006CB681 /* TCA-Navigation-PoCUITests.xctest */,
			);
			name = Products;
			sourceTree = "<group>";
		};
		DC395D7C251CEBC4006CB681 /* TCA-Navigation-PoC */ = {
			isa = PBXGroup;
			children = (
				DC395D7D251CEBC4006CB681 /* TCA_Navigation_PoCApp.swift */,
				DC395D7F251CEBC4006CB681 /* ContentView.swift */,
				DC395D81251CEBC7006CB681 /* Assets.xcassets */,
				DC395D86251CEBC7006CB681 /* Info.plist */,
				DC395D83251CEBC7006CB681 /* Preview Content */,
			);
			path = "TCA-Navigation-PoC";
			sourceTree = "<group>";
		};
		DC395D83251CEBC7006CB681 /* Preview Content */ = {
			isa = PBXGroup;
			children = (
				DC395D84251CEBC7006CB681 /* Preview Assets.xcassets */,
			);
			path = "Preview Content";
			sourceTree = "<group>";
		};
		DC395D8E251CEBC7006CB681 /* TCA-Navigation-PoCTests */ = {
			isa = PBXGroup;
			children = (
				DC395D8F251CEBC7006CB681 /* TCA_Navigation_PoCTests.swift */,
				DC395D91251CEBC7006CB681 /* Info.plist */,
			);
			path = "TCA-Navigation-PoCTests";
			sourceTree = "<group>";
		};
		DC395D99251CEBC7006CB681 /* TCA-Navigation-PoCUITests */ = {
			isa = PBXGroup;
			children = (
				DC395D9A251CEBC7006CB681 /* TCA_Navigation_PoCUITests.swift */,
				DC395D9C251CEBC7006CB681 /* Info.plist */,
			);
			path = "TCA-Navigation-PoCUITests";
			sourceTree = "<group>";
		};
/* End PBXGroup section */

/* Begin PBXNativeTarget section */
		DC395D79251CEBC4006CB681 /* TCA-Navigation-PoC */ = {
			isa = PBXNativeTarget;
			buildConfigurationList = DC395D9F251CEBC7006CB681 /* Build configuration list for PBXNativeTarget "TCA-Navigation-PoC" */;
			buildPhases = (
				DC395D76251CEBC4006CB681 /* Sources */,
				DC395D77251CEBC4006CB681 /* Frameworks */,
				DC395D78251CEBC4006CB681 /* Resources */,
			);
			buildRules = (
			);
			dependencies = (
			);
			name = "TCA-Navigation-PoC";
			productName = "TCA-Navigation-PoC";
			productReference = DC395D7A251CEBC4006CB681 /* TCA-Navigation-PoC.app */;
			productType = "com.apple.product-type.application";
		};
		DC395D8A251CEBC7006CB681 /* TCA-Navigation-PoCTests */ = {
			isa = PBXNativeTarget;
			buildConfigurationList = DC395DA2251CEBC7006CB681 /* Build configuration list for PBXNativeTarget "TCA-Navigation-PoCTests" */;
			buildPhases = (
				DC395D87251CEBC7006CB681 /* Sources */,
				DC395D88251CEBC7006CB681 /* Frameworks */,
				DC395D89251CEBC7006CB681 /* Resources */,
			);
			buildRules = (
			);
			dependencies = (
				DC395D8D251CEBC7006CB681 /* PBXTargetDependency */,
			);
			name = "TCA-Navigation-PoCTests";
			productName = "TCA-Navigation-PoCTests";
			productReference = DC395D8B251CEBC7006CB681 /* TCA-Navigation-PoCTests.xctest */;
			productType = "com.apple.product-type.bundle.unit-test";
		};
		DC395D95251CEBC7006CB681 /* TCA-Navigation-PoCUITests */ = {
			isa = PBXNativeTarget;
			buildConfigurationList = DC395DA5251CEBC7006CB681 /* Build configuration list for PBXNativeTarget "TCA-Navigation-PoCUITests" */;
			buildPhases = (
				DC395D92251CEBC7006CB681 /* Sources */,
				DC395D93251CEBC7006CB681 /* Frameworks */,
				DC395D94251CEBC7006CB681 /* Resources */,
			);
			buildRules = (
			);
			dependencies = (
				DC395D98251CEBC7006CB681 /* PBXTargetDependency */,
			);
			name = "TCA-Navigation-PoCUITests";
			productName = "TCA-Navigation-PoCUITests";
			productReference = DC395D96251CEBC7006CB681 /* TCA-Navigation-PoCUITests.xctest */;
			productType = "com.apple.product-type.bundle.ui-testing";
		};
/* End PBXNativeTarget section */

/* Begin PBXProject section */
		DC395D72251CEBC4006CB681 /* Project object */ = {
			isa = PBXProject;
			attributes = {
				LastSwiftUpdateCheck = 1200;
				LastUpgradeCheck = 1200;
				TargetAttributes = {
					DC395D79251CEBC4006CB681 = {
						CreatedOnToolsVersion = 12.0;
					};
					DC395D8A251CEBC7006CB681 = {
						CreatedOnToolsVersion = 12.0;
						TestTargetID = DC395D79251CEBC4006CB681;
					};
					DC395D95251CEBC7006CB681 = {
						CreatedOnToolsVersion = 12.0;
						TestTargetID = DC395D79251CEBC4006CB681;
					};
				};
			};
			buildConfigurationList = DC395D75251CEBC4006CB681 /* Build configuration list for PBXProject "TCA-Navigation-PoC" */;
			compatibilityVersion = "Xcode 9.3";
			developmentRegion = en;
			hasScannedForEncodings = 0;
			knownRegions = (
				en,
				Base,
			);
			mainGroup = DC395D71251CEBC4006CB681;
			productRefGroup = DC395D7B251CEBC4006CB681 /* Products */;
			projectDirPath = "";
			projectRoot = "";
			targets = (
				DC395D79251CEBC4006CB681 /* TCA-Navigation-PoC */,
				DC395D8A251CEBC7006CB681 /* TCA-Navigation-PoCTests */,
				DC395D95251CEBC7006CB681 /* TCA-Navigation-PoCUITests */,
			);
		};
/* End PBXProject section */

/* Begin PBXResourcesBuildPhase section */
		DC395D78251CEBC4006CB681 /* Resources */ = {
			isa = PBXResourcesBuildPhase;
			buildActionMask = 2147483647;
			files = (
				DC395D85251CEBC7006CB681 /* Preview Assets.xcassets in Resources */,
				DC395D82251CEBC7006CB681 /* Assets.xcassets in Resources */,
			);
			runOnlyForDeploymentPostprocessing = 0;
		};
		DC395D89251CEBC7006CB681 /* Resources */ = {
			isa = PBXResourcesBuildPhase;
			buildActionMask = 2147483647;
			files = (
			);
			runOnlyForDeploymentPostprocessing = 0;
		};
		DC395D94251CEBC7006CB681 /* Resources */ = {
			isa = PBXResourcesBuildPhase;
			buildActionMask = 2147483647;
			files = (
			);
			runOnlyForDeploymentPostprocessing = 0;
		};
/* End PBXResourcesBuildPhase section */

/* Begin PBXSourcesBuildPhase section */
		DC395D76251CEBC4006CB681 /* Sources */ = {
			isa = PBXSourcesBuildPhase;
			buildActionMask = 2147483647;
			files = (
				DC395D80251CEBC4006CB681 /* ContentView.swift in Sources */,
				DC395D7E251CEBC4006CB681 /* TCA_Navigation_PoCApp.swift in Sources */,
			);
			runOnlyForDeploymentPostprocessing = 0;
		};
		DC395D87251CEBC7006CB681 /* Sources */ = {
			isa = PBXSourcesBuildPhase;
			buildActionMask = 2147483647;
			files = (
				DC395D90251CEBC7006CB681 /* TCA_Navigation_PoCTests.swift in Sources */,
			);
			runOnlyForDeploymentPostprocessing = 0;
		};
		DC395D92251CEBC7006CB681 /* Sources */ = {
			isa = PBXSourcesBuildPhase;
			buildActionMask = 2147483647;
			files = (
				DC395D9B251CEBC7006CB681 /* TCA_Navigation_PoCUITests.swift in Sources */,
			);
			runOnlyForDeploymentPostprocessing = 0;
		};
/* End PBXSourcesBuildPhase section */

/* Begin PBXTargetDependency section */
		DC395D8D251CEBC7006CB681 /* PBXTargetDependency */ = {
			isa = PBXTargetDependency;
			target = DC395D79251CEBC4006CB681 /* TCA-Navigation-PoC */;
			targetProxy = DC395D8C251CEBC7006CB681 /* PBXContainerItemProxy */;
		};
		DC395D98251CEBC7006CB681 /* PBXTargetDependency */ = {
			isa = PBXTargetDependency;
			target = DC395D79251CEBC4006CB681 /* TCA-Navigation-PoC */;
			targetProxy = DC395D97251CEBC7006CB681 /* PBXContainerItemProxy */;
		};
/* End PBXTargetDependency section */

/* Begin XCBuildConfiguration section */
		DC395D9D251CEBC7006CB681 /* Debug */ = {
			isa = XCBuildConfiguration;
			buildSettings = {
				ALWAYS_SEARCH_USER_PATHS = NO;
				CLANG_ANALYZER_NONNULL = YES;
				CLANG_ANALYZER_NUMBER_OBJECT_CONVERSION = YES_AGGRESSIVE;
				CLANG_CXX_LANGUAGE_STANDARD = "gnu++14";
				CLANG_CXX_LIBRARY = "libc++";
				CLANG_ENABLE_MODULES = YES;
				CLANG_ENABLE_OBJC_ARC = YES;
				CLANG_ENABLE_OBJC_WEAK = YES;
				CLANG_WARN_BLOCK_CAPTURE_AUTORELEASING = YES;
				CLANG_WARN_BOOL_CONVERSION = YES;
				CLANG_WARN_COMMA = YES;
				CLANG_WARN_CONSTANT_CONVERSION = YES;
				CLANG_WARN_DEPRECATED_OBJC_IMPLEMENTATIONS = YES;
				CLANG_WARN_DIRECT_OBJC_ISA_USAGE = YES_ERROR;
				CLANG_WARN_DOCUMENTATION_COMMENTS = YES;
				CLANG_WARN_EMPTY_BODY = YES;
				CLANG_WARN_ENUM_CONVERSION = YES;
				CLANG_WARN_INFINITE_RECURSION = YES;
				CLANG_WARN_INT_CONVERSION = YES;
				CLANG_WARN_NON_LITERAL_NULL_CONVERSION = YES;
				CLANG_WARN_OBJC_IMPLICIT_RETAIN_SELF = YES;
				CLANG_WARN_OBJC_LITERAL_CONVERSION = YES;
				CLANG_WARN_OBJC_ROOT_CLASS = YES_ERROR;
				CLANG_WARN_QUOTED_INCLUDE_IN_FRAMEWORK_HEADER = YES;
				CLANG_WARN_RANGE_LOOP_ANALYSIS = YES;
				CLANG_WARN_STRICT_PROTOTYPES = YES;
				CLANG_WARN_SUSPICIOUS_MOVE = YES;
				CLANG_WARN_UNGUARDED_AVAILABILITY = YES_AGGRESSIVE;
				CLANG_WARN_UNREACHABLE_CODE = YES;
				CLANG_WARN__DUPLICATE_METHOD_MATCH = YES;
				COPY_PHASE_STRIP = NO;
				DEBUG_INFORMATION_FORMAT = dwarf;
				ENABLE_STRICT_OBJC_MSGSEND = YES;
				ENABLE_TESTABILITY = YES;
				GCC_C_LANGUAGE_STANDARD = gnu11;
				GCC_DYNAMIC_NO_PIC = NO;
				GCC_NO_COMMON_BLOCKS = YES;
				GCC_OPTIMIZATION_LEVEL = 0;
				GCC_PREPROCESSOR_DEFINITIONS = (
					"DEBUG=1",
					"$(inherited)",
				);
				GCC_WARN_64_TO_32_BIT_CONVERSION = YES;
				GCC_WARN_ABOUT_RETURN_TYPE = YES_ERROR;
				GCC_WARN_UNDECLARED_SELECTOR = YES;
				GCC_WARN_UNINITIALIZED_AUTOS = YES_AGGRESSIVE;
				GCC_WARN_UNUSED_FUNCTION = YES;
				GCC_WARN_UNUSED_VARIABLE = YES;
				IPHONEOS_DEPLOYMENT_TARGET = 14.0;
				MTL_ENABLE_DEBUG_INFO = INCLUDE_SOURCE;
				MTL_FAST_MATH = YES;
				ONLY_ACTIVE_ARCH = YES;
				SDKROOT = iphoneos;
				SWIFT_ACTIVE_COMPILATION_CONDITIONS = DEBUG;
				SWIFT_OPTIMIZATION_LEVEL = "-Onone";
			};
			name = Debug;
		};
		DC395D9E251CEBC7006CB681 /* Release */ = {
			isa = XCBuildConfiguration;
			buildSettings = {
				ALWAYS_SEARCH_USER_PATHS = NO;
				CLANG_ANALYZER_NONNULL = YES;
				CLANG_ANALYZER_NUMBER_OBJECT_CONVERSION = YES_AGGRESSIVE;
				CLANG_CXX_LANGUAGE_STANDARD = "gnu++14";
				CLANG_CXX_LIBRARY = "libc++";
				CLANG_ENABLE_MODULES = YES;
				CLANG_ENABLE_OBJC_ARC = YES;
				CLANG_ENABLE_OBJC_WEAK = YES;
				CLANG_WARN_BLOCK_CAPTURE_AUTORELEASING = YES;
				CLANG_WARN_BOOL_CONVERSION = YES;
				CLANG_WARN_COMMA = YES;
				CLANG_WARN_CONSTANT_CONVERSION = YES;
				CLANG_WARN_DEPRECATED_OBJC_IMPLEMENTATIONS = YES;
				CLANG_WARN_DIRECT_OBJC_ISA_USAGE = YES_ERROR;
				CLANG_WARN_DOCUMENTATION_COMMENTS = YES;
				CLANG_WARN_EMPTY_BODY = YES;
				CLANG_WARN_ENUM_CONVERSION = YES;
				CLANG_WARN_INFINITE_RECURSION = YES;
				CLANG_WARN_INT_CONVERSION = YES;
				CLANG_WARN_NON_LITERAL_NULL_CONVERSION = YES;
				CLANG_WARN_OBJC_IMPLICIT_RETAIN_SELF = YES;
				CLANG_WARN_OBJC_LITERAL_CONVERSION = YES;
				CLANG_WARN_OBJC_ROOT_CLASS = YES_ERROR;
				CLANG_WARN_QUOTED_INCLUDE_IN_FRAMEWORK_HEADER = YES;
				CLANG_WARN_RANGE_LOOP_ANALYSIS = YES;
				CLANG_WARN_STRICT_PROTOTYPES = YES;
				CLANG_WARN_SUSPICIOUS_MOVE = YES;
				CLANG_WARN_UNGUARDED_AVAILABILITY = YES_AGGRESSIVE;
				CLANG_WARN_UNREACHABLE_CODE = YES;
				CLANG_WARN__DUPLICATE_METHOD_MATCH = YES;
				COPY_PHASE_STRIP = NO;
				DEBUG_INFORMATION_FORMAT = "dwarf-with-dsym";
				ENABLE_NS_ASSERTIONS = NO;
				ENABLE_STRICT_OBJC_MSGSEND = YES;
				GCC_C_LANGUAGE_STANDARD = gnu11;
				GCC_NO_COMMON_BLOCKS = YES;
				GCC_WARN_64_TO_32_BIT_CONVERSION = YES;
				GCC_WARN_ABOUT_RETURN_TYPE = YES_ERROR;
				GCC_WARN_UNDECLARED_SELECTOR = YES;
				GCC_WARN_UNINITIALIZED_AUTOS = YES_AGGRESSIVE;
				GCC_WARN_UNUSED_FUNCTION = YES;
				GCC_WARN_UNUSED_VARIABLE = YES;
				IPHONEOS_DEPLOYMENT_TARGET = 14.0;
				MTL_ENABLE_DEBUG_INFO = NO;
				MTL_FAST_MATH = YES;
				SDKROOT = iphoneos;
				SWIFT_COMPILATION_MODE = wholemodule;
				SWIFT_OPTIMIZATION_LEVEL = "-O";
				VALIDATE_PRODUCT = YES;
			};
			name = Release;
		};
		DC395DA0251CEBC7006CB681 /* Debug */ = {
			isa = XCBuildConfiguration;
			buildSettings = {
				ASSETCATALOG_COMPILER_APPICON_NAME = AppIcon;
				ASSETCATALOG_COMPILER_GLOBAL_ACCENT_COLOR_NAME = AccentColor;
				CODE_SIGN_STYLE = Automatic;
				DEVELOPMENT_ASSET_PATHS = "\"TCA-Navigation-PoC/Preview Content\"";
				DEVELOPMENT_TEAM = LYD999SY4D;
				ENABLE_PREVIEWS = YES;
				INFOPLIST_FILE = "TCA-Navigation-PoC/Info.plist";
				IPHONEOS_DEPLOYMENT_TARGET = 14.0;
				LD_RUNPATH_SEARCH_PATHS = (
					"$(inherited)",
					"@executable_path/Frameworks",
				);
				PRODUCT_BUNDLE_IDENTIFIER = "moto0000.TCA-Navigation-PoC";
				PRODUCT_NAME = "$(TARGET_NAME)";
				SWIFT_VERSION = 5.0;
				TARGETED_DEVICE_FAMILY = "1,2";
			};
			name = Debug;
		};
		DC395DA1251CEBC7006CB681 /* Release */ = {
			isa = XCBuildConfiguration;
			buildSettings = {
				ASSETCATALOG_COMPILER_APPICON_NAME = AppIcon;
				ASSETCATALOG_COMPILER_GLOBAL_ACCENT_COLOR_NAME = AccentColor;
				CODE_SIGN_STYLE = Automatic;
				DEVELOPMENT_ASSET_PATHS = "\"TCA-Navigation-PoC/Preview Content\"";
				DEVELOPMENT_TEAM = LYD999SY4D;
				ENABLE_PREVIEWS = YES;
				INFOPLIST_FILE = "TCA-Navigation-PoC/Info.plist";
				IPHONEOS_DEPLOYMENT_TARGET = 14.0;
				LD_RUNPATH_SEARCH_PATHS = (
					"$(inherited)",
					"@executable_path/Frameworks",
				);
				PRODUCT_BUNDLE_IDENTIFIER = "moto0000.TCA-Navigation-PoC";
				PRODUCT_NAME = "$(TARGET_NAME)";
				SWIFT_VERSION = 5.0;
				TARGETED_DEVICE_FAMILY = "1,2";
			};
			name = Release;
		};
		DC395DA3251CEBC7006CB681 /* Debug */ = {
			isa = XCBuildConfiguration;
			buildSettings = {
				ALWAYS_EMBED_SWIFT_STANDARD_LIBRARIES = YES;
				BUNDLE_LOADER = "$(TEST_HOST)";
				CODE_SIGN_STYLE = Automatic;
				DEVELOPMENT_TEAM = LYD999SY4D;
				INFOPLIST_FILE = "TCA-Navigation-PoCTests/Info.plist";
				IPHONEOS_DEPLOYMENT_TARGET = 14.0;
				LD_RUNPATH_SEARCH_PATHS = (
					"$(inherited)",
					"@executable_path/Frameworks",
					"@loader_path/Frameworks",
				);
				PRODUCT_BUNDLE_IDENTIFIER = "moto0000.TCA-Navigation-PoCTests";
				PRODUCT_NAME = "$(TARGET_NAME)";
				SWIFT_VERSION = 5.0;
				TARGETED_DEVICE_FAMILY = "1,2";
				TEST_HOST = "$(BUILT_PRODUCTS_DIR)/TCA-Navigation-PoC.app/TCA-Navigation-PoC";
			};
			name = Debug;
		};
		DC395DA4251CEBC7006CB681 /* Release */ = {
			isa = XCBuildConfiguration;
			buildSettings = {
				ALWAYS_EMBED_SWIFT_STANDARD_LIBRARIES = YES;
				BUNDLE_LOADER = "$(TEST_HOST)";
				CODE_SIGN_STYLE = Automatic;
				DEVELOPMENT_TEAM = LYD999SY4D;
				INFOPLIST_FILE = "TCA-Navigation-PoCTests/Info.plist";
				IPHONEOS_DEPLOYMENT_TARGET = 14.0;
				LD_RUNPATH_SEARCH_PATHS = (
					"$(inherited)",
					"@executable_path/Frameworks",
					"@loader_path/Frameworks",
				);
				PRODUCT_BUNDLE_IDENTIFIER = "moto0000.TCA-Navigation-PoCTests";
				PRODUCT_NAME = "$(TARGET_NAME)";
				SWIFT_VERSION = 5.0;
				TARGETED_DEVICE_FAMILY = "1,2";
				TEST_HOST = "$(BUILT_PRODUCTS_DIR)/TCA-Navigation-PoC.app/TCA-Navigation-PoC";
			};
			name = Release;
		};
		DC395DA6251CEBC7006CB681 /* Debug */ = {
			isa = XCBuildConfiguration;
			buildSettings = {
				ALWAYS_EMBED_SWIFT_STANDARD_LIBRARIES = YES;
				CODE_SIGN_STYLE = Automatic;
				DEVELOPMENT_TEAM = LYD999SY4D;
				INFOPLIST_FILE = "TCA-Navigation-PoCUITests/Info.plist";
				LD_RUNPATH_SEARCH_PATHS = (
					"$(inherited)",
					"@executable_path/Frameworks",
					"@loader_path/Frameworks",
				);
				PRODUCT_BUNDLE_IDENTIFIER = "moto0000.TCA-Navigation-PoCUITests";
				PRODUCT_NAME = "$(TARGET_NAME)";
				SWIFT_VERSION = 5.0;
				TARGETED_DEVICE_FAMILY = "1,2";
				TEST_TARGET_NAME = "TCA-Navigation-PoC";
			};
			name = Debug;
		};
		DC395DA7251CEBC7006CB681 /* Release */ = {
			isa = XCBuildConfiguration;
			buildSettings = {
				ALWAYS_EMBED_SWIFT_STANDARD_LIBRARIES = YES;
				CODE_SIGN_STYLE = Automatic;
				DEVELOPMENT_TEAM = LYD999SY4D;
				INFOPLIST_FILE = "TCA-Navigation-PoCUITests/Info.plist";
				LD_RUNPATH_SEARCH_PATHS = (
					"$(inherited)",
					"@executable_path/Frameworks",
					"@loader_path/Frameworks",
				);
				PRODUCT_BUNDLE_IDENTIFIER = "moto0000.TCA-Navigation-PoCUITests";
				PRODUCT_NAME = "$(TARGET_NAME)";
				SWIFT_VERSION = 5.0;
				TARGETED_DEVICE_FAMILY = "1,2";
				TEST_TARGET_NAME = "TCA-Navigation-PoC";
			};
			name = Release;
		};
/* End XCBuildConfiguration section */

/* Begin XCConfigurationList section */
		DC395D75251CEBC4006CB681 /* Build configuration list for PBXProject "TCA-Navigation-PoC" */ = {
			isa = XCConfigurationList;
			buildConfigurations = (
				DC395D9D251CEBC7006CB681 /* Debug */,
				DC395D9E251CEBC7006CB681 /* Release */,
			);
			defaultConfigurationIsVisible = 0;
			defaultConfigurationName = Release;
		};
		DC395D9F251CEBC7006CB681 /* Build configuration list for PBXNativeTarget "TCA-Navigation-PoC" */ = {
			isa = XCConfigurationList;
			buildConfigurations = (
				DC395DA0251CEBC7006CB681 /* Debug */,
				DC395DA1251CEBC7006CB681 /* Release */,
			);
			defaultConfigurationIsVisible = 0;
			defaultConfigurationName = Release;
		};
		DC395DA2251CEBC7006CB681 /* Build configuration list for PBXNativeTarget "TCA-Navigation-PoCTests" */ = {
			isa = XCConfigurationList;
			buildConfigurations = (
				DC395DA3251CEBC7006CB681 /* Debug */,
				DC395DA4251CEBC7006CB681 /* Release */,
			);
			defaultConfigurationIsVisible = 0;
			defaultConfigurationName = Release;
		};
		DC395DA5251CEBC7006CB681 /* Build configuration list for PBXNativeTarget "TCA-Navigation-PoCUITests" */ = {
			isa = XCConfigurationList;
			buildConfigurations = (
				DC395DA6251CEBC7006CB681 /* Debug */,
				DC395DA7251CEBC7006CB681 /* Release */,
			);
			defaultConfigurationIsVisible = 0;
			defaultConfigurationName = Release;
		};
/* End XCConfigurationList section */
	};
	rootObject = DC395D72251CEBC4006CB681 /* Project object */;
}
